
Microsoft Visual Studio Solution File, Format Version 12.00
# Visual Studio Version 17
VisualStudioVersion = 17.14.36414.22
MinimumVisualStudioVersion = 10.0.40219.1
Project("{8BC9CEB8-8B4A-11D0-8D11-00A0C91BC942}") = "opdracht 11", "opdracht 11.vcxproj", "{9B374808-E6E4-4DCD-B7EA-4A3BF2481C83}"
EndProject
Project("{8BC9CEB8-8B4A-11D0-8D11-00A0C91BC942}") = "opdracht 12", "..\opdracht 12\opdracht 12.vcxproj", "{36E9D991-0315-4A86-999E-F473244AE845}"
EndProject
Project("{8BC9CEB8-8B4A-11D0-8D11-00A0C91BC942}") = "opdracht 13", "..\opdracht 13\opdracht 13.vcxproj", "{05E055C8-8C23-432F-B8FB-7B5FCC900CF5}"
EndProject
Project("{8BC9CEB8-8B4A-11D0-8D11-00A0C91BC942}") = "opdracht 14", "..\opdracht 14\opdracht 14.vcxproj", "{8B50DFED-0789-4FC6-B1F6-6F4A6620E0D4}"
EndProject
Global
	GlobalSection(SolutionConfigurationPlatforms) = preSolution
		Debug|x64 = Debug|x64
		Debug|x86 = Debug|x86
		Release|x64 = Release|x64
		Release|x86 = Release|x86
	EndGlobalSection
	GlobalSection(ProjectConfigurationPlatforms) = postSolution
		{9B374808-E6E4-4DCD-B7EA-4A3BF2481C83}.Debug|x64.ActiveCfg = Debug|x64
		{9B374808-E6E4-4DCD-B7EA-4A3BF2481C83}.Debug|x64.Build.0 = Debug|x64
		{9B374808-E6E4-4DCD-B7EA-4A3BF2481C83}.Debug|x86.ActiveCfg = Debug|Win32
		{9B374808-E6E4-4DCD-B7EA-4A3BF2481C83}.Debug|x86.Build.0 = Debug|Win32
		{9B374808-E6E4-4DCD-B7EA-4A3BF2481C83}.Release|x64.ActiveCfg = Release|x64
		{9B374808-E6E4-4DCD-B7EA-4A3BF2481C83}.Release|x64.Build.0 = Release|x64
		{9B374808-E6E4-4DCD-B7EA-4A3BF2481C83}.Release|x86.ActiveCfg = Release|Win32
		{9B374808-E6E4-4DCD-B7EA-4A3BF2481C83}.Release|x86.Build.0 = Release|Win32
		{36E9D991-0315-4A86-999E-F473244AE845}.Debug|x64.ActiveCfg = Debug|x64
		{36E9D991-0315-4A86-999E-F473244AE845}.Debug|x64.Build.0 = Debug|x64
		{36E9D991-0315-4A86-999E-F473244AE845}.Debug|x86.ActiveCfg = Debug|Win32
		{36E9D991-0315-4A86-999E-F473244AE845}.Debug|x86.Build.0 = Debug|Win32
		{36E9D991-0315-4A86-999E-F473244AE845}.Release|x64.ActiveCfg = Release|x64
		{36E9D991-0315-4A86-999E-F473244AE845}.Release|x64.Build.0 = Release|x64
		{36E9D991-0315-4A86-999E-F473244AE845}.Release|x86.ActiveCfg = Release|Win32
		{36E9D991-0315-4A86-999E-F473244AE845}.Release|x86.Build.0 = Release|Win32
		{05E055C8-8C23-432F-B8FB-7B5FCC900CF5}.Debug|x64.ActiveCfg = Debug|x64
		{05E055C8-8C23-432F-B8FB-7B5FCC900CF5}.Debug|x64.Build.0 = Debug|x64
		{05E055C8-8C23-432F-B8FB-7B5FCC900CF5}.Debug|x86.ActiveCfg = Debug|Win32
		{05E055C8-8C23-432F-B8FB-7B5FCC900CF5}.Debug|x86.Build.0 = Debug|Win32
		{05E055C8-8C23-432F-B8FB-7B5FCC900CF5}.Release|x64.ActiveCfg = Release|x64
		{05E055C8-8C23-432F-B8FB-7B5FCC900CF5}.Release|x64.Build.0 = Release|x64
		{05E055C8-8C23-432F-B8FB-7B5FCC900CF5}.Release|x86.ActiveCfg = Release|Win32
		{05E055C8-8C23-432F-B8FB-7B5FCC900CF5}.Release|x86.Build.0 = Release|Win32
		{8B50DFED-0789-4FC6-B1F6-6F4A6620E0D4}.Debug|x64.ActiveCfg = Debug|x64
		{8B50DFED-0789-4FC6-B1F6-6F4A6620E0D4}.Debug|x64.Build.0 = Debug|x64
		{8B50DFED-0789-4FC6-B1F6-6F4A6620E0D4}.Debug|x86.ActiveCfg = Debug|Win32
		{8B50DFED-0789-4FC6-B1F6-6F4A6620E0D4}.Debug|x86.Build.0 = Debug|Win32
		{8B50DFED-0789-4FC6-B1F6-6F4A6620E0D4}.Release|x64.ActiveCfg = Release|x64
		{8B50DFED-0789-4FC6-B1F6-6F4A6620E0D4}.Release|x64.Build.0 = Release|x64
		{8B50DFED-0789-4FC6-B1F6-6F4A6620E0D4}.Release|x86.ActiveCfg = Release|Win32
		{8B50DFED-0789-4FC6-B1F6-6F4A6620E0D4}.Release|x86.Build.0 = Release|Win32
	EndGlobalSection
	GlobalSection(SolutionProperties) = preSolution
		HideSolutionNode = FALSE
	EndGlobalSection
	GlobalSection(ExtensibilityGlobals) = postSolution
		SolutionGuid = {13E682B2-0181-44DB-976A-EE6AF11F36DB}
	EndGlobalSection
EndGlobal
